
Microsoft Visual Studio Solution File, Format Version 12.00
# Visual Studio Version 17
VisualStudioVersion = 17.2.33402.178
MinimumVisualStudioVersion = 10.0.40219.1
Project("{FAE04EC0-301F-11D3-BF4B-00C04F79EFBC}") = "DemoGrpcService", "DemoGrpcService.csproj", "{9B16F434-A98A-44FF-82B1-C5D564141059}"
EndProject
Global
	GlobalSection(SolutionConfigurationPlatforms) = preSolution
		Debug|Any CPU = Debug|Any CPU
		Release|Any CPU = Release|Any CPU
	EndGlobalSection
	GlobalSection(ProjectConfigurationPlatforms) = postSolution
		{9B16F434-A98A-44FF-82B1-C5D564141059}.Debug|Any CPU.ActiveCfg = Debug|Any CPU
		{9B16F434-A98A-44FF-82B1-C5D564141059}.Debug|Any CPU.Build.0 = Debug|Any CPU
		{9B16F434-A98A-44FF-82B1-C5D564141059}.Release|Any CPU.ActiveCfg = Release|Any CPU
		{9B16F434-A98A-44FF-82B1-C5D564141059}.Release|Any CPU.Build.0 = Release|Any CPU
	EndGlobalSection
	GlobalSection(SolutionProperties) = preSolution
		HideSolutionNode = FALSE
	EndGlobalSection
	GlobalSection(ExtensibilityGlobals) = postSolution
		SolutionGuid = {3EC6D746-0E23-4FA5-A0E0-D3885ED2F4C6}
	EndGlobalSection
EndGlobal
